{
  "name": "wwf",
  "version": "1.0.0",
  "lockfileVersion": 2,
  "requires": true,
  "packages": {
    "": {
      "name": "wwf",
      "version": "1.0.0",
      "license": "ISC",
      "dependencies": {
        "fs": "^0.0.1-security"
      },
      "devDependencies": {
        "@types/node": "^17.0.9"
      }
    },
    "node_modules/@types/node": {
      "version": "17.0.9",
      "resolved": "https://registry.npmjs.org/@types/node/-/node-17.0.9.tgz",
      "integrity": "sha512-5dNBXu/FOER+EXnyah7rn8xlNrfMOQb/qXnw4NQgLkCygKBKhdmF/CA5oXVOKZLBEahw8s2WP9LxIcN/oDDRgQ==",
      "dev": true
    },
    "node_modules/fs": {
      "version": "0.0.1-security",
      "resolved": "https://registry.npmjs.org/fs/-/fs-0.0.1-security.tgz",
      "integrity": "sha1-invTcYa23d84E/I4WLV+yq9eQdQ="
    }
  },
  "dependencies": {
    "@types/node": {
      "version": "17.0.9",
      "resolved": "https://registry.npmjs.org/@types/node/-/node-17.0.9.tgz",
      "integrity": "sha512-5dNBXu/FOER+EXnyah7rn8xlNrfMOQb/qXnw4NQgLkCygKBKhdmF/CA5oXVOKZLBEahw8s2WP9LxIcN/oDDRgQ==",
      "dev": true
    },
    "fs": {
      "version": "0.0.1-security",
      "resolved": "https://registry.npmjs.org/fs/-/fs-0.0.1-security.tgz",
      "integrity": "sha1-invTcYa23d84E/I4WLV+yq9eQdQ="
    }
  }
}
